
Microsoft Visual Studio Solution File, Format Version 12.00
# Visual Studio Version 16
VisualStudioVersion = 16.0.29503.13
MinimumVisualStudioVersion = 10.0.40219.1
Project("{F184B08F-C81C-45F6-A57F-5ABD9991F28F}") = "APIcall", "APIcall.vbproj", "{25CF71A8-ADC1-4BC9-86D3-113A5CA70DF1}"
EndProject
Global
	GlobalSection(SolutionConfigurationPlatforms) = preSolution
		Debug|Any CPU = Debug|Any CPU
		Release|Any CPU = Release|Any CPU
	EndGlobalSection
	GlobalSection(ProjectConfigurationPlatforms) = postSolution
		{25CF71A8-ADC1-4BC9-86D3-113A5CA70DF1}.Debug|Any CPU.ActiveCfg = Debug|Any CPU
		{25CF71A8-ADC1-4BC9-86D3-113A5CA70DF1}.Debug|Any CPU.Build.0 = Debug|Any CPU
		{25CF71A8-ADC1-4BC9-86D3-113A5CA70DF1}.Release|Any CPU.ActiveCfg = Release|Any CPU
		{25CF71A8-ADC1-4BC9-86D3-113A5CA70DF1}.Release|Any CPU.Build.0 = Release|Any CPU
	EndGlobalSection
	GlobalSection(SolutionProperties) = preSolution
		HideSolutionNode = FALSE
	EndGlobalSection
	GlobalSection(ExtensibilityGlobals) = postSolution
		SolutionGuid = {53578B21-C7A4-4888-A999-A3E3F64C39DF}
	EndGlobalSection
EndGlobal
